{
  "version": "2",
  "remote": {
    "https://deno.land/std@0.192.0/_util/asserts.ts": "178dfc49a464aee693a7e285567b3d0b555dc805ff490505a8aae34f9cfb1462",
    "https://deno.land/std@0.192.0/_util/os.ts": "d932f56d41e4f6a6093d56044e29ce637f8dcc43c5a90af43504a889cf1775e3",
    "https://deno.land/std@0.192.0/fs/_util.ts": "fbf57dcdc9f7bc8128d60301eece608246971a7836a3bb1e78da75314f08b978",
    "https://deno.land/std@0.192.0/fs/copy.ts": "14214efd94fc3aa6db1e4af2b4b9578e50f7362b7f3725d5a14ad259a5df26c8",
    "https://deno.land/std@0.192.0/fs/empty_dir.ts": "c3d2da4c7352fab1cf144a1ecfef58090769e8af633678e0f3fabaef98594688",
    "https://deno.land/std@0.192.0/fs/ensure_dir.ts": "dc64c4c75c64721d4e3fb681f1382f803ff3d2868f08563ff923fdd20d071c40",
    "https://deno.land/std@0.192.0/fs/ensure_file.ts": "c38602670bfaf259d86ca824a94e6cb9e5eb73757fefa4ebf43a90dd017d53d9",
    "https://deno.land/std@0.192.0/fs/ensure_link.ts": "c0f5b2f0ec094ed52b9128eccb1ee23362a617457aa0f699b145d4883f5b2fb4",
    "https://deno.land/std@0.192.0/fs/ensure_symlink.ts": "5006ab2f458159c56d689b53b1e48d57e05eeb1eaf64e677f7f76a30bc4fdba1",
    "https://deno.land/std@0.192.0/fs/eol.ts": "f1f2eb348a750c34500741987b21d65607f352cf7205f48f4319d417fff42842",
    "https://deno.land/std@0.192.0/fs/exists.ts": "29c26bca8584a22876be7cb8844f1b6c8fc35e9af514576b78f5c6884d7ed02d",
    "https://deno.land/std@0.192.0/fs/expand_glob.ts": "e4f56259a0a70fe23f05215b00de3ac5e6ba46646ab2a06ebbe9b010f81c972a",
    "https://deno.land/std@0.192.0/fs/mod.ts": "bc3d0acd488cc7b42627044caf47d72019846d459279544e1934418955ba4898",
    "https://deno.land/std@0.192.0/fs/move.ts": "b4f8f46730b40c32ea3c0bc8eb0fd0e8139249a698883c7b3756424cf19785c9",
    "https://deno.land/std@0.192.0/fs/walk.ts": "920be35a7376db6c0b5b1caf1486fb962925e38c9825f90367f8f26b5e5d0897",
    "https://deno.land/std@0.192.0/path/_constants.ts": "e49961f6f4f48039c0dfed3c3f93e963ca3d92791c9d478ac5b43183413136e0",
    "https://deno.land/std@0.192.0/path/_interface.ts": "6471159dfbbc357e03882c2266d21ef9afdb1e4aa771b0545e90db58a0ba314b",
    "https://deno.land/std@0.192.0/path/_util.ts": "d7abb1e0dea065f427b89156e28cdeb32b045870acdf865833ba808a73b576d0",
    "https://deno.land/std@0.192.0/path/common.ts": "ee7505ab01fd22de3963b64e46cff31f40de34f9f8de1fff6a1bd2fe79380000",
    "https://deno.land/std@0.192.0/path/glob.ts": "d479e0a695621c94d3fd7fe7abd4f9499caf32a8de13f25073451c6ef420a4e1",
    "https://deno.land/std@0.192.0/path/mod.ts": "f065032a7189404fdac3ad1a1551a9ac84751d2f25c431e101787846c86c79ef",
    "https://deno.land/std@0.192.0/path/posix.ts": "8b7c67ac338714b30c816079303d0285dd24af6b284f7ad63da5b27372a2c94d",
    "https://deno.land/std@0.192.0/path/separator.ts": "0fb679739d0d1d7bf45b68dacfb4ec7563597a902edbaf3c59b50d5bcadd93b1",
    "https://deno.land/std@0.192.0/path/win32.ts": "d186344e5583bcbf8b18af416d13d82b35a317116e6460a5a3953508c3de5bba",
    "https://deno.land/x/dirname@1.1.2/mod.ts": "4029ca6b49da58d262d65f826ba9b3a89cc0b92a94c7220d5feb7bd34e498a54",
    "https://deno.land/x/dirname@1.1.2/types.ts": "c1ed1667545bc4b1d69bdb2fc26a5fa8edae3a56e3081209c16a408a322a2319",
    "https://esm.sh/express@4.18.2?target=denonext": "406b7c60057101dab1299b3f3c12a159903e77ac0d72c0f1eec1eefb89fa31da",
    "https://esm.sh/v127/accepts@1.3.8/denonext/accepts.mjs": "d9ecad31e0d22541986007437b5d4bd9706e993b0c1abfda5624dd9591e72f13",
    "https://esm.sh/v127/body-parser@1.20.1/denonext/body-parser.mjs": "1ef5e3bf7ba0fa609814686d1155df4794024f8a5d360b3ebce38559612964c7",
    "https://esm.sh/v127/bytes@3.1.2/denonext/bytes.mjs": "727f99cf6d5675ef6f5095c87c810c4117074bad2fcb164eac15abdec967d6c1",
    "https://esm.sh/v127/call-bind@1.0.2/denonext/callBound.js": "ba783ee7e45162a237a6183e6fc375f91c3dfb9d975dc44e7f267dbebc66aaa3",
    "https://esm.sh/v127/content-disposition@0.5.4/denonext/content-disposition.mjs": "38e37e61dafa04e1fa713f55a14c8625624178a8b7cb543dadfdb1cc605a21c1",
    "https://esm.sh/v127/content-type@1.0.5/denonext/content-type.mjs": "0a76f5bf728090f75a34f227efe77a9ad37c0eaa10539e012bc5dc059b9657fa",
    "https://esm.sh/v127/cookie-signature@1.0.6/denonext/cookie-signature.mjs": "67a2f0d8c2c33165424b5d5c363baeae7b8d03ab88fe146859d8e967c6a86410",
    "https://esm.sh/v127/cookie@0.5.0/denonext/cookie.mjs": "0a77faad2fd5a00b39f51b7d7ab08f9bf18f3908d3eb4559cf58fc687f9f9983",
    "https://esm.sh/v127/debug@2.6.9/denonext/debug.mjs": "216aff4b18dffecc8d9e666872376a6c35322b48dd04819f83323b2275a12d67",
    "https://esm.sh/v127/depd@2.0.0/denonext/depd.mjs": "fda65d2a966c5228c771a03b7756a5be1579e99ce7395f739985d0833c7207fd",
    "https://esm.sh/v127/destroy@1.2.0/denonext/destroy.mjs": "12f4dd5df7ffa77aaf2e1f44f193f2479cc5839fb5ff9feafdf6b47fc8e16f7c",
    "https://esm.sh/v127/ee-first@1.1.1/denonext/ee-first.mjs": "c655caffe0672068733c5cfdfbec78642a8fbf64b4ce3c9fc32f401efefeaa1a",
    "https://esm.sh/v127/encodeurl@1.0.2/denonext/encodeurl.mjs": "dccc811e5af731341108e5af6a0ce67f8c948f35bb2b269bd0ea70e1475511e4",
    "https://esm.sh/v127/escape-html@1.0.3/denonext/escape-html.mjs": "836d29b9da47c2ac09ffa144f01a4726a38b4e4a9748e37cd115a6316aed2b00",
    "https://esm.sh/v127/etag@1.8.1/denonext/etag.mjs": "6763dab9e976971d02ac25effb823ac49d0151175594ee7c841f468783765745",
    "https://esm.sh/v127/express@4.18.2/denonext/express.mjs": "ca0aea4a2a99fd869e3600105dd4a4a192ecafaf417d5ef8cff2464550d14a1e",
    "https://esm.sh/v127/finalhandler@1.2.0/denonext/finalhandler.mjs": "2495c0cf2be97454fd3ee777f853bdf3cd7587950b619ba93a1d26da306a53af",
    "https://esm.sh/v127/forwarded@0.2.0/denonext/forwarded.mjs": "72e79cf9e130e81a182f26af69493c8f20857b6f03623f16b3afe9e18b25411d",
    "https://esm.sh/v127/fresh@0.5.2/denonext/fresh.mjs": "e43787c17dea3cbe8bfed87a051ebb57eaf40d42d34931db2638d437d1766429",
    "https://esm.sh/v127/function-bind@1.1.1/denonext/function-bind.mjs": "331f5d2a5830a67a767be946331716b1b9db05125891100a16e24114dba8ef87",
    "https://esm.sh/v127/get-intrinsic@1.2.1/denonext/get-intrinsic.mjs": "55cf5d43926e9ec2b5cce84bce31b2ae9b541245421eb8166fe4861951169cc1",
    "https://esm.sh/v127/has-proto@1.0.1/denonext/has-proto.mjs": "443f9773e464b39534dbecaee040e5de8384e8efaeea7a6d3e333df4069d1f85",
    "https://esm.sh/v127/has-symbols@1.0.3/denonext/has-symbols.mjs": "452727b5dbec94d538c5e8e062ed82bee701c3b752eb21e6189978e92292b7c6",
    "https://esm.sh/v127/has@1.0.3/denonext/has.mjs": "009bae5e2979cf35e880b11796a2a21e908e96f9dbb5dbea5607909e788a9a32",
    "https://esm.sh/v127/http-errors@2.0.0/denonext/http-errors.mjs": "5d8e42d91d4749f0717cb92938d2bdd7a2d88554e02ab5c18cb27e7195000e79",
    "https://esm.sh/v127/iconv-lite@0.4.24/denonext/iconv-lite.mjs": "499441abefe76aa39d8e34c7d6c805ea17f949d8fca09462d29cd290efc00d46",
    "https://esm.sh/v127/inherits@2.0.4/denonext/inherits.mjs": "8095f3d6aea060c904fb24ae50f2882779c0acbe5d56814514c8b5153f3b4b3b",
    "https://esm.sh/v127/ipaddr.js@1.9.1/denonext/ipaddr.mjs": "b53fc977cda5b9ee595ccf9693a02bd6cc9741c51e5d0002b7677bcbd7f300b2",
    "https://esm.sh/v127/media-typer@0.3.0/denonext/media-typer.mjs": "40ea9972d4a533872bd3403f95a32f1faddd04817be75597287a7cad60b0a96a",
    "https://esm.sh/v127/merge-descriptors@1.0.1/denonext/merge-descriptors.mjs": "de42c926d830041381e6e36fdb576a272047853a01e8d158a59197586a8d11b0",
    "https://esm.sh/v127/methods@1.1.2/denonext/methods.mjs": "df1fa8e775f52f9f2ee5edc8ae6a1f587196e535579dd55dd0ac222a0ecbf039",
    "https://esm.sh/v127/mime-db@1.52.0/denonext/mime-db.mjs": "52b5de94b0afa2139224f83773d90861fbc2fca6a1994f1a00a52733e14f4720",
    "https://esm.sh/v127/mime-types@2.1.35/denonext/mime-types.mjs": "024dd93462cbacfab84021ebb2363fa168ffca3f99bb64b6b4c04ead8aa5ccff",
    "https://esm.sh/v127/mime@1.6.0/denonext/mime.mjs": "c39ec785aa5ba3627bfc5ad35d38f9bba30a936bf30977102572430f602b9d56",
    "https://esm.sh/v127/ms@2.0.0/denonext/ms.mjs": "3d3c2d9fc775a062db98f0d6da4e660539a5a2f3fc30a017f8381c48e06eb547",
    "https://esm.sh/v127/ms@2.1.3/denonext/ms.mjs": "0f06597e493998793b8f52232868976128fca326eec3bcd56f10e66e6efd1839",
    "https://esm.sh/v127/negotiator@0.6.3/denonext/negotiator.mjs": "00b4932ba3f3502ac746fd05716058f72d272629bc9c49e286ac483ebb928077",
    "https://esm.sh/v127/object-inspect@1.12.3/denonext/object-inspect.mjs": "6cc9da4b2d1ebcc6008ba2fcc809430229062318eb0aff45eddc44ade994f7ed",
    "https://esm.sh/v127/on-finished@2.4.1/denonext/on-finished.mjs": "c2dd76dbeace9e4d712e1b7075e8f6d863504347052393ae62f2264e313fa861",
    "https://esm.sh/v127/parseurl@1.3.3/denonext/parseurl.mjs": "2ce692590dbef75165d259963e2ad99007ef617b74b865cb8072ceefe53290ac",
    "https://esm.sh/v127/path-to-regexp@0.1.7/denonext/path-to-regexp.mjs": "1882fa76d8b6aa20a9bcc1a926cbf1a1b6476cb41bec4ee54d6bf33ae627dbee",
    "https://esm.sh/v127/proxy-addr@2.0.7/denonext/proxy-addr.mjs": "45c4ad2e0ba99732dfa5abd2d4018aca69784bb299993a5d257c97ce031c94a2",
    "https://esm.sh/v127/qs@6.11.0/denonext/qs.mjs": "6cbb49e28a6443ee7891267b4588a484a491eeccc78351870a35370a4681c793",
    "https://esm.sh/v127/range-parser@1.2.1/denonext/range-parser.mjs": "6c949446640944b4f877b1023adbedbe9c981b960cee369f9a3f7c3dcc3fbee1",
    "https://esm.sh/v127/raw-body@2.5.1/denonext/raw-body.mjs": "52ce9e2573eb15bba6fcdd13b92918b528b3057c602b36aaf752904a819837da",
    "https://esm.sh/v127/safe-buffer@5.2.1/denonext/safe-buffer.mjs": "facbcb4f4622e13062978522fa12c42cae4e12f55b0e1d3fa1c4bc751bd827c7",
    "https://esm.sh/v127/safer-buffer@2.1.2/denonext/safer-buffer.mjs": "ce0e787812c668ba082ad5b75958490c714b6e05836bd5b6013d9f75727c006f",
    "https://esm.sh/v127/send@0.18.0/denonext/send.mjs": "e0590472dafaf01afc49f63f6e272cbe0a34dd8de9f2d8a0486b4a89266ff070",
    "https://esm.sh/v127/serve-static@1.15.0/denonext/serve-static.mjs": "2b6f8b6679909754d2493991b5891cbe97325618e5bbbc5865b5891795da02be",
    "https://esm.sh/v127/setprototypeof@1.2.0/denonext/setprototypeof.mjs": "3c433ff9b1f70f65d63ad4320ed48ed97a61393cfe63f9582154c5ef4c1e4ae3",
    "https://esm.sh/v127/side-channel@1.0.4/denonext/side-channel.mjs": "9a4969613ec95728eac4c8923fe5b56cea81bfa91b7ce8f77fd7c227038cb813",
    "https://esm.sh/v127/statuses@2.0.1/denonext/statuses.mjs": "04eebf4fa5711688b325f7c7b29b31c012cf797b15795832c9b9db65a3f16a5d",
    "https://esm.sh/v127/toidentifier@1.0.1/denonext/toidentifier.mjs": "096561de448c16b623c023497eea7ce6232a0c6684bd500761cd35eedd5ed73d",
    "https://esm.sh/v127/type-is@1.6.18/denonext/type-is.mjs": "1c375d2624e3e908fe8f5c86f13791a6f61879f20a291c2c468574b001d196cc",
    "https://esm.sh/v127/unpipe@1.0.0/denonext/unpipe.mjs": "46c65a06d46ec6b3e9f3fda014053928fe62397a3d894cbb56b13bc25a385bc0",
    "https://esm.sh/v127/utils-merge@1.0.1/denonext/utils-merge.mjs": "0a8a3925b476b5a94da272bb8fbb63728b725185a80b28492825dfb3ca3a3542",
    "https://esm.sh/v127/vary@1.1.2/denonext/vary.mjs": "119fef5a9e3d5a74c698ded1a4edd8acfdf75db69c6daabf631bd773964ac860",
    "https://lra6z45nakk5lnu3yjchp7tftsdnwwikwr65ocha5eojfnlgu4sa.arweave.net/XEHs860CldW2m8JEd_5lnIbbWQq0fdcI4OkckrVmpyQ/_util/assert.ts": "e1f76e77c5ccb5a8e0dbbbe6cce3a56d2556c8cb5a9a8802fc9565af72462149",
    "https://lra6z45nakk5lnu3yjchp7tftsdnwwikwr65ocha5eojfnlgu4sa.arweave.net/XEHs860CldW2m8JEd_5lnIbbWQq0fdcI4OkckrVmpyQ/path/_constants.ts": "aba480c4a2c098b6374fdd5951fea13ecc8aaaf8b8aa4dae1871baa50243d676",
    "https://lra6z45nakk5lnu3yjchp7tftsdnwwikwr65ocha5eojfnlgu4sa.arweave.net/XEHs860CldW2m8JEd_5lnIbbWQq0fdcI4OkckrVmpyQ/path/_interface.ts": "67b276380d297a7cedc3c17f7a0bf122edcfc96a3e1f69de06f379d85ba0e2c0",
    "https://lra6z45nakk5lnu3yjchp7tftsdnwwikwr65ocha5eojfnlgu4sa.arweave.net/XEHs860CldW2m8JEd_5lnIbbWQq0fdcI4OkckrVmpyQ/path/_util.ts": "7820a788b35c26dfc27ff329df12507fc0553ae92727009597046f6cf856b4fa",
    "https://lra6z45nakk5lnu3yjchp7tftsdnwwikwr65ocha5eojfnlgu4sa.arweave.net/XEHs860CldW2m8JEd_5lnIbbWQq0fdcI4OkckrVmpyQ/path/common.ts": "e4ec66a7416d56f60331b66e27a8a4f08c7b1cf48e350271cb69754a01cf5c04",
    "https://lra6z45nakk5lnu3yjchp7tftsdnwwikwr65ocha5eojfnlgu4sa.arweave.net/XEHs860CldW2m8JEd_5lnIbbWQq0fdcI4OkckrVmpyQ/path/glob.ts": "54fea22f0f47dee07399d22e18a34a84eaf4b8a3771bbed96db43bbec71ef237",
    "https://lra6z45nakk5lnu3yjchp7tftsdnwwikwr65ocha5eojfnlgu4sa.arweave.net/XEHs860CldW2m8JEd_5lnIbbWQq0fdcI4OkckrVmpyQ/path/mod.ts": "6de8885c2534757097818e302becd1cefcbc4c28ac022cc279e612ee04e8cfd1",
    "https://lra6z45nakk5lnu3yjchp7tftsdnwwikwr65ocha5eojfnlgu4sa.arweave.net/XEHs860CldW2m8JEd_5lnIbbWQq0fdcI4OkckrVmpyQ/path/posix.ts": "7c2539b5d9e22b47f02ccc5b6ef11e3975a5c60f49d2241271eaa5936e6082a0",
    "https://lra6z45nakk5lnu3yjchp7tftsdnwwikwr65ocha5eojfnlgu4sa.arweave.net/XEHs860CldW2m8JEd_5lnIbbWQq0fdcI4OkckrVmpyQ/path/separator.ts": "9dd15d46ff84a16e13554f56af7fee1f85f8d0f379efbbe60ac066a60561f036",
    "https://lra6z45nakk5lnu3yjchp7tftsdnwwikwr65ocha5eojfnlgu4sa.arweave.net/XEHs860CldW2m8JEd_5lnIbbWQq0fdcI4OkckrVmpyQ/path/win32.ts": "47114c941681ecbabab4ec355cb41d525fb5a14175cc47a5c76fdc5eaee2685a"
  },
  "npm": {
    "specifiers": {
      "@types/express@4.17.15": "@types/express@4.17.15",
      "@types/node": "@types/node@18.11.18",
      "express@latest": "express@4.18.2"
    },
    "packages": {
      "@types/body-parser@1.19.2": {
        "integrity": "sha512-ALYone6pm6QmwZoAgeyNksccT9Q4AWZQ6PvfwR37GT6r6FWUPguq6sUmNGSMV2Wr761oQoBxwGGa6DR5o1DC9g==",
        "dependencies": {
          "@types/connect": "@types/connect@3.4.35",
          "@types/node": "@types/node@20.3.3"
        }
      },
      "@types/connect@3.4.35": {
        "integrity": "sha512-cdeYyv4KWoEgpBISTxWvqYsVy444DOqehiF3fM3ne10AmJ62RSyNkUnxMJXHQWRQQX2eR94m5y1IZyDwBjV9FQ==",
        "dependencies": {
          "@types/node": "@types/node@20.3.3"
        }
      },
      "@types/express-serve-static-core@4.17.35": {
        "integrity": "sha512-wALWQwrgiB2AWTT91CB62b6Yt0sNHpznUXeZEcnPU3DRdlDIz74x8Qg1UUYKSVFi+va5vKOLYRBI1bRKiLLKIg==",
        "dependencies": {
          "@types/node": "@types/node@20.3.3",
          "@types/qs": "@types/qs@6.9.7",
          "@types/range-parser": "@types/range-parser@1.2.4",
          "@types/send": "@types/send@0.17.1"
        }
      },
      "@types/express@4.17.15": {
        "integrity": "sha512-Yv0k4bXGOH+8a+7bELd2PqHQsuiANB+A8a4gnQrkRWzrkKlb6KHaVvyXhqs04sVW/OWlbPyYxRgYlIXLfrufMQ==",
        "dependencies": {
          "@types/body-parser": "@types/body-parser@1.19.2",
          "@types/express-serve-static-core": "@types/express-serve-static-core@4.17.35",
          "@types/qs": "@types/qs@6.9.7",
          "@types/serve-static": "@types/serve-static@1.15.2"
        }
      },
      "@types/http-errors@2.0.1": {
        "integrity": "sha512-/K3ds8TRAfBvi5vfjuz8y6+GiAYBZ0x4tXv1Av6CWBWn0IlADc+ZX9pMq7oU0fNQPnBwIZl3rmeLp6SBApbxSQ==",
        "dependencies": {}
      },
      "@types/mime@1.3.2": {
        "integrity": "sha512-YATxVxgRqNH6nHEIsvg6k2Boc1JHI9ZbH5iWFFv/MTkchz3b1ieGDa5T0a9RznNdI0KhVbdbWSN+KWWrQZRxTw==",
        "dependencies": {}
      },
      "@types/mime@3.0.1": {
        "integrity": "sha512-Y4XFY5VJAuw0FgAqPNd6NNoV44jbq9Bz2L7Rh/J6jLTiHBSBJa9fxqQIvkIld4GsoDOcCbvzOUAbLPsSKKg+uA==",
        "dependencies": {}
      },
      "@types/node@18.11.18": {
        "integrity": "sha512-DHQpWGjyQKSHj3ebjFI/wRKcqQcdR+MoFBygntYOZytCqNfkd2ZC4ARDJ2DQqhjH5p85Nnd3jhUJIXrszFX/JA==",
        "dependencies": {}
      },
      "@types/node@20.3.3": {
        "integrity": "sha512-wheIYdr4NYML61AjC8MKj/2jrR/kDQri/CIpVoZwldwhnIrD/j9jIU5bJ8yBKuB2VhpFV7Ab6G2XkBjv9r9Zzw==",
        "dependencies": {}
      },
      "@types/qs@6.9.7": {
        "integrity": "sha512-FGa1F62FT09qcrueBA6qYTrJPVDzah9a+493+o2PCXsesWHIn27G98TsSMs3WPNbZIEj4+VJf6saSFpvD+3Zsw==",
        "dependencies": {}
      },
      "@types/range-parser@1.2.4": {
        "integrity": "sha512-EEhsLsD6UsDM1yFhAvy0Cjr6VwmpMWqFBCb9w07wVugF7w9nfajxLuVmngTIpgS6svCnm6Vaw+MZhoDCKnOfsw==",
        "dependencies": {}
      },
      "@types/send@0.17.1": {
        "integrity": "sha512-Cwo8LE/0rnvX7kIIa3QHCkcuF21c05Ayb0ZfxPiv0W8VRiZiNW/WuRupHKpqqGVGf7SUA44QSOUKaEd9lIrd/Q==",
        "dependencies": {
          "@types/mime": "@types/mime@1.3.2",
          "@types/node": "@types/node@20.3.3"
        }
      },
      "@types/serve-static@1.15.2": {
        "integrity": "sha512-J2LqtvFYCzaj8pVYKw8klQXrLLk7TBZmQ4ShlcdkELFKGwGMfevMLneMMRkMgZxotOD9wg497LpC7O8PcvAmfw==",
        "dependencies": {
          "@types/http-errors": "@types/http-errors@2.0.1",
          "@types/mime": "@types/mime@3.0.1",
          "@types/node": "@types/node@20.3.3"
        }
      },
      "accepts@1.3.8": {
        "integrity": "sha512-PYAthTa2m2VKxuvSD3DPC/Gy+U+sOA1LAuT8mkmRuvw+NACSaeXEQ+NHcVF7rONl6qcaxV3Uuemwawk+7+SJLw==",
        "dependencies": {
          "mime-types": "mime-types@2.1.35",
          "negotiator": "negotiator@0.6.3"
        }
      },
      "array-flatten@1.1.1": {
        "integrity": "sha512-PCVAQswWemu6UdxsDFFX/+gVeYqKAod3D3UVm91jHwynguOwAvYPhx8nNlM++NqRcK6CxxpUafjmhIdKiHibqg==",
        "dependencies": {}
      },
      "body-parser@1.20.1": {
        "integrity": "sha512-jWi7abTbYwajOytWCQc37VulmWiRae5RyTpaCyDcS5/lMdtwSz5lOpDE67srw/HYe35f1z3fDQw+3txg7gNtWw==",
        "dependencies": {
          "bytes": "bytes@3.1.2",
          "content-type": "content-type@1.0.5",
          "debug": "debug@2.6.9",
          "depd": "depd@2.0.0",
          "destroy": "destroy@1.2.0",
          "http-errors": "http-errors@2.0.0",
          "iconv-lite": "iconv-lite@0.4.24",
          "on-finished": "on-finished@2.4.1",
          "qs": "qs@6.11.0",
          "raw-body": "raw-body@2.5.1",
          "type-is": "type-is@1.6.18",
          "unpipe": "unpipe@1.0.0"
        }
      },
      "bytes@3.1.2": {
        "integrity": "sha512-/Nf7TyzTx6S3yRJObOAV7956r8cr2+Oj8AC5dt8wSP3BQAoeX58NoHyCU8P8zGkNXStjTSi6fzO6F0pBdcYbEg==",
        "dependencies": {}
      },
      "call-bind@1.0.2": {
        "integrity": "sha512-7O+FbCihrB5WGbFYesctwmTKae6rOiIzmz1icreWJ+0aA7LJfuqhEso2T9ncpcFtzMQtzXf2QGGueWJGTYsqrA==",
        "dependencies": {
          "function-bind": "function-bind@1.1.1",
          "get-intrinsic": "get-intrinsic@1.2.1"
        }
      },
      "content-disposition@0.5.4": {
        "integrity": "sha512-FveZTNuGw04cxlAiWbzi6zTAL/lhehaWbTtgluJh4/E95DqMwTmha3KZN1aAWA8cFIhHzMZUvLevkw5Rqk+tSQ==",
        "dependencies": {
          "safe-buffer": "safe-buffer@5.2.1"
        }
      },
      "content-type@1.0.5": {
        "integrity": "sha512-nTjqfcBFEipKdXCv4YDQWCfmcLZKm81ldF0pAopTvyrFGVbcR6P/VAAd5G7N+0tTr8QqiU0tFadD6FK4NtJwOA==",
        "dependencies": {}
      },
      "cookie-signature@1.0.6": {
        "integrity": "sha512-QADzlaHc8icV8I7vbaJXJwod9HWYp8uCqf1xa4OfNu1T7JVxQIrUgOWtHdNDtPiywmFbiS12VjotIXLrKM3orQ==",
        "dependencies": {}
      },
      "cookie@0.5.0": {
        "integrity": "sha512-YZ3GUyn/o8gfKJlnlX7g7xq4gyO6OSuhGPKaaGssGB2qgDUS0gPgtTvoyZLTt9Ab6dC4hfc9dV5arkvc/OCmrw==",
        "dependencies": {}
      },
      "debug@2.6.9": {
        "integrity": "sha512-bC7ElrdJaJnPbAP+1EotYvqZsb3ecl5wi6Bfi6BJTUcNowp6cvspg0jXznRTKDjm/E7AdgFBVeAPVMNcKGsHMA==",
        "dependencies": {
          "ms": "ms@2.0.0"
        }
      },
      "depd@2.0.0": {
        "integrity": "sha512-g7nH6P6dyDioJogAAGprGpCtVImJhpPk/roCzdb3fIh61/s/nPsfR6onyMwkCAR/OlC3yBC0lESvUoQEAssIrw==",
        "dependencies": {}
      },
      "destroy@1.2.0": {
        "integrity": "sha512-2sJGJTaXIIaR1w4iJSNoN0hnMY7Gpc/n8D4qSCJw8QqFWXf7cuAgnEHxBpweaVcPevC2l3KpjYCx3NypQQgaJg==",
        "dependencies": {}
      },
      "ee-first@1.1.1": {
        "integrity": "sha512-WMwm9LhRUo+WUaRN+vRuETqG89IgZphVSNkdFgeb6sS/E4OrDIN7t48CAewSHXc6C8lefD8KKfr5vY61brQlow==",
        "dependencies": {}
      },
      "encodeurl@1.0.2": {
        "integrity": "sha512-TPJXq8JqFaVYm2CWmPvnP2Iyo4ZSM7/QKcSmuMLDObfpH5fi7RUGmd/rTDf+rut/saiDiQEeVTNgAmJEdAOx0w==",
        "dependencies": {}
      },
      "escape-html@1.0.3": {
        "integrity": "sha512-NiSupZ4OeuGwr68lGIeym/ksIZMJodUGOSCZ/FSnTxcrekbvqrgdUxlJOMpijaKZVjAJrWrGs/6Jy8OMuyj9ow==",
        "dependencies": {}
      },
      "etag@1.8.1": {
        "integrity": "sha512-aIL5Fx7mawVa300al2BnEE4iNvo1qETxLrPI/o05L7z6go7fCw1J6EQmbK4FmJ2AS7kgVF/KEZWufBfdClMcPg==",
        "dependencies": {}
      },
      "express@4.18.2": {
        "integrity": "sha512-5/PsL6iGPdfQ/lKM1UuielYgv3BUoJfz1aUwU9vHZ+J7gyvwdQXFEBIEIaxeGf0GIcreATNyBExtalisDbuMqQ==",
        "dependencies": {
          "accepts": "accepts@1.3.8",
          "array-flatten": "array-flatten@1.1.1",
          "body-parser": "body-parser@1.20.1",
          "content-disposition": "content-disposition@0.5.4",
          "content-type": "content-type@1.0.5",
          "cookie": "cookie@0.5.0",
          "cookie-signature": "cookie-signature@1.0.6",
          "debug": "debug@2.6.9",
          "depd": "depd@2.0.0",
          "encodeurl": "encodeurl@1.0.2",
          "escape-html": "escape-html@1.0.3",
          "etag": "etag@1.8.1",
          "finalhandler": "finalhandler@1.2.0",
          "fresh": "fresh@0.5.2",
          "http-errors": "http-errors@2.0.0",
          "merge-descriptors": "merge-descriptors@1.0.1",
          "methods": "methods@1.1.2",
          "on-finished": "on-finished@2.4.1",
          "parseurl": "parseurl@1.3.3",
          "path-to-regexp": "path-to-regexp@0.1.7",
          "proxy-addr": "proxy-addr@2.0.7",
          "qs": "qs@6.11.0",
          "range-parser": "range-parser@1.2.1",
          "safe-buffer": "safe-buffer@5.2.1",
          "send": "send@0.18.0",
          "serve-static": "serve-static@1.15.0",
          "setprototypeof": "setprototypeof@1.2.0",
          "statuses": "statuses@2.0.1",
          "type-is": "type-is@1.6.18",
          "utils-merge": "utils-merge@1.0.1",
          "vary": "vary@1.1.2"
        }
      },
      "finalhandler@1.2.0": {
        "integrity": "sha512-5uXcUVftlQMFnWC9qu/svkWv3GTd2PfUhK/3PLkYNAe7FbqJMt3515HaxE6eRL74GdsriiwujiawdaB1BpEISg==",
        "dependencies": {
          "debug": "debug@2.6.9",
          "encodeurl": "encodeurl@1.0.2",
          "escape-html": "escape-html@1.0.3",
          "on-finished": "on-finished@2.4.1",
          "parseurl": "parseurl@1.3.3",
          "statuses": "statuses@2.0.1",
          "unpipe": "unpipe@1.0.0"
        }
      },
      "forwarded@0.2.0": {
        "integrity": "sha512-buRG0fpBtRHSTCOASe6hD258tEubFoRLb4ZNA6NxMVHNw2gOcwHo9wyablzMzOA5z9xA9L1KNjk/Nt6MT9aYow==",
        "dependencies": {}
      },
      "fresh@0.5.2": {
        "integrity": "sha512-zJ2mQYM18rEFOudeV4GShTGIQ7RbzA7ozbU9I/XBpm7kqgMywgmylMwXHxZJmkVoYkna9d2pVXVXPdYTP9ej8Q==",
        "dependencies": {}
      },
      "function-bind@1.1.1": {
        "integrity": "sha512-yIovAzMX49sF8Yl58fSCWJ5svSLuaibPxXQJFLmBObTuCr0Mf1KiPopGM9NiFjiYBCbfaa2Fh6breQ6ANVTI0A==",
        "dependencies": {}
      },
      "get-intrinsic@1.2.1": {
        "integrity": "sha512-2DcsyfABl+gVHEfCOaTrWgyt+tb6MSEGmKq+kI5HwLbIYgjgmMcV8KQ41uaKz1xxUcn9tJtgFbQUEVcEbd0FYw==",
        "dependencies": {
          "function-bind": "function-bind@1.1.1",
          "has": "has@1.0.3",
          "has-proto": "has-proto@1.0.1",
          "has-symbols": "has-symbols@1.0.3"
        }
      },
      "has-proto@1.0.1": {
        "integrity": "sha512-7qE+iP+O+bgF9clE5+UoBFzE65mlBiVj3tKCrlNQ0Ogwm0BjpT/gK4SlLYDMybDh5I3TCTKnPPa0oMG7JDYrhg==",
        "dependencies": {}
      },
      "has-symbols@1.0.3": {
        "integrity": "sha512-l3LCuF6MgDNwTDKkdYGEihYjt5pRPbEg46rtlmnSPlUbgmB8LOIrKJbYYFBSbnPaJexMKtiPO8hmeRjRz2Td+A==",
        "dependencies": {}
      },
      "has@1.0.3": {
        "integrity": "sha512-f2dvO0VU6Oej7RkWJGrehjbzMAjFp5/VKPp5tTpWIV4JHHZK1/BxbFRtf/siA2SWTe09caDmVtYYzWEIbBS4zw==",
        "dependencies": {
          "function-bind": "function-bind@1.1.1"
        }
      },
      "http-errors@2.0.0": {
        "integrity": "sha512-FtwrG/euBzaEjYeRqOgly7G0qviiXoJWnvEH2Z1plBdXgbyjv34pHTSb9zoeHMyDy33+DWy5Wt9Wo+TURtOYSQ==",
        "dependencies": {
          "depd": "depd@2.0.0",
          "inherits": "inherits@2.0.4",
          "setprototypeof": "setprototypeof@1.2.0",
          "statuses": "statuses@2.0.1",
          "toidentifier": "toidentifier@1.0.1"
        }
      },
      "iconv-lite@0.4.24": {
        "integrity": "sha512-v3MXnZAcvnywkTUEZomIActle7RXXeedOR31wwl7VlyoXO4Qi9arvSenNQWne1TcRwhCL1HwLI21bEqdpj8/rA==",
        "dependencies": {
          "safer-buffer": "safer-buffer@2.1.2"
        }
      },
      "inherits@2.0.4": {
        "integrity": "sha512-k/vGaX4/Yla3WzyMCvTQOXYeIHvqOKtnqBduzTHpzpQZzAskKMhZ2K+EnBiSM9zGSoIFeMpXKxa4dYeZIQqewQ==",
        "dependencies": {}
      },
      "ipaddr.js@1.9.1": {
        "integrity": "sha512-0KI/607xoxSToH7GjN1FfSbLoU0+btTicjsQSWQlh/hZykN8KpmMf7uYwPW3R+akZ6R/w18ZlXSHBYXiYUPO3g==",
        "dependencies": {}
      },
      "media-typer@0.3.0": {
        "integrity": "sha512-dq+qelQ9akHpcOl/gUVRTxVIOkAJ1wR3QAvb4RsVjS8oVoFjDGTc679wJYmUmknUF5HwMLOgb5O+a3KxfWapPQ==",
        "dependencies": {}
      },
      "merge-descriptors@1.0.1": {
        "integrity": "sha512-cCi6g3/Zr1iqQi6ySbseM1Xvooa98N0w31jzUYrXPX2xqObmFGHJ0tQ5u74H3mVh7wLouTseZyYIq39g8cNp1w==",
        "dependencies": {}
      },
      "methods@1.1.2": {
        "integrity": "sha512-iclAHeNqNm68zFtnZ0e+1L2yUIdvzNoauKU4WBA3VvH/vPFieF7qfRlwUZU+DA9P9bPXIS90ulxoUoCH23sV2w==",
        "dependencies": {}
      },
      "mime-db@1.52.0": {
        "integrity": "sha512-sPU4uV7dYlvtWJxwwxHD0PuihVNiE7TyAbQ5SWxDCB9mUYvOgroQOwYQQOKPJ8CIbE+1ETVlOoK1UC2nU3gYvg==",
        "dependencies": {}
      },
      "mime-types@2.1.35": {
        "integrity": "sha512-ZDY+bPm5zTTF+YpCrAU9nK0UgICYPT0QtT1NZWFv4s++TNkcgVaT0g6+4R2uI4MjQjzysHB1zxuWL50hzaeXiw==",
        "dependencies": {
          "mime-db": "mime-db@1.52.0"
        }
      },
      "mime@1.6.0": {
        "integrity": "sha512-x0Vn8spI+wuJ1O6S7gnbaQg8Pxh4NNHb7KSINmEWKiPE4RKOplvijn+NkmYmmRgP68mc70j2EbeTFRsrswaQeg==",
        "dependencies": {}
      },
      "ms@2.0.0": {
        "integrity": "sha512-Tpp60P6IUJDTuOq/5Z8cdskzJujfwqfOTkrwIwj7IRISpnkJnT6SyJ4PCPnGMoFjC9ddhal5KVIYtAt97ix05A==",
        "dependencies": {}
      },
      "ms@2.1.3": {
        "integrity": "sha512-6FlzubTLZG3J2a/NVCAleEhjzq5oxgHyaCU9yYXvcLsvoVaHJq/s5xXI6/XXP6tz7R9xAOtHnSO/tXtF3WRTlA==",
        "dependencies": {}
      },
      "negotiator@0.6.3": {
        "integrity": "sha512-+EUsqGPLsM+j/zdChZjsnX51g4XrHFOIXwfnCVPGlQk/k5giakcKsuxCObBRu6DSm9opw/O6slWbJdghQM4bBg==",
        "dependencies": {}
      },
      "object-inspect@1.12.3": {
        "integrity": "sha512-geUvdk7c+eizMNUDkRpW1wJwgfOiOeHbxBR/hLXK1aT6zmVSO0jsQcs7fj6MGw89jC/cjGfLcNOrtMYtGqm81g==",
        "dependencies": {}
      },
      "on-finished@2.4.1": {
        "integrity": "sha512-oVlzkg3ENAhCk2zdv7IJwd/QUD4z2RxRwpkcGY8psCVcCYZNq4wYnVWALHM+brtuJjePWiYF/ClmuDr8Ch5+kg==",
        "dependencies": {
          "ee-first": "ee-first@1.1.1"
        }
      },
      "parseurl@1.3.3": {
        "integrity": "sha512-CiyeOxFT/JZyN5m0z9PfXw4SCBJ6Sygz1Dpl0wqjlhDEGGBP1GnsUVEL0p63hoG1fcj3fHynXi9NYO4nWOL+qQ==",
        "dependencies": {}
      },
      "path-to-regexp@0.1.7": {
        "integrity": "sha512-5DFkuoqlv1uYQKxy8omFBeJPQcdoE07Kv2sferDCrAq1ohOU+MSDswDIbnx3YAM60qIOnYa53wBhXW0EbMonrQ==",
        "dependencies": {}
      },
      "proxy-addr@2.0.7": {
        "integrity": "sha512-llQsMLSUDUPT44jdrU/O37qlnifitDP+ZwrmmZcoSKyLKvtZxpyV0n2/bD/N4tBAAZ/gJEdZU7KMraoK1+XYAg==",
        "dependencies": {
          "forwarded": "forwarded@0.2.0",
          "ipaddr.js": "ipaddr.js@1.9.1"
        }
      },
      "qs@6.11.0": {
        "integrity": "sha512-MvjoMCJwEarSbUYk5O+nmoSzSutSsTwF85zcHPQ9OrlFoZOYIjaqBAJIqIXjptyD5vThxGq52Xu/MaJzRkIk4Q==",
        "dependencies": {
          "side-channel": "side-channel@1.0.4"
        }
      },
      "range-parser@1.2.1": {
        "integrity": "sha512-Hrgsx+orqoygnmhFbKaHE6c296J+HTAQXoxEF6gNupROmmGJRoyzfG3ccAveqCBrwr/2yxQ5BVd/GTl5agOwSg==",
        "dependencies": {}
      },
      "raw-body@2.5.1": {
        "integrity": "sha512-qqJBtEyVgS0ZmPGdCFPWJ3FreoqvG4MVQln/kCgF7Olq95IbOp0/BWyMwbdtn4VTvkM8Y7khCQ2Xgk/tcrCXig==",
        "dependencies": {
          "bytes": "bytes@3.1.2",
          "http-errors": "http-errors@2.0.0",
          "iconv-lite": "iconv-lite@0.4.24",
          "unpipe": "unpipe@1.0.0"
        }
      },
      "safe-buffer@5.2.1": {
        "integrity": "sha512-rp3So07KcdmmKbGvgaNxQSJr7bGVSVk5S9Eq1F+ppbRo70+YeaDxkw5Dd8NPN+GD6bjnYm2VuPuCXmpuYvmCXQ==",
        "dependencies": {}
      },
      "safer-buffer@2.1.2": {
        "integrity": "sha512-YZo3K82SD7Riyi0E1EQPojLz7kpepnSQI9IyPbHHg1XXXevb5dJI7tpyN2ADxGcQbHG7vcyRHk0cbwqcQriUtg==",
        "dependencies": {}
      },
      "send@0.18.0": {
        "integrity": "sha512-qqWzuOjSFOuqPjFe4NOsMLafToQQwBSOEpS+FwEt3A2V3vKubTquT3vmLTQpFgMXp8AlFWFuP1qKaJZOtPpVXg==",
        "dependencies": {
          "debug": "debug@2.6.9",
          "depd": "depd@2.0.0",
          "destroy": "destroy@1.2.0",
          "encodeurl": "encodeurl@1.0.2",
          "escape-html": "escape-html@1.0.3",
          "etag": "etag@1.8.1",
          "fresh": "fresh@0.5.2",
          "http-errors": "http-errors@2.0.0",
          "mime": "mime@1.6.0",
          "ms": "ms@2.1.3",
          "on-finished": "on-finished@2.4.1",
          "range-parser": "range-parser@1.2.1",
          "statuses": "statuses@2.0.1"
        }
      },
      "serve-static@1.15.0": {
        "integrity": "sha512-XGuRDNjXUijsUL0vl6nSD7cwURuzEgglbOaFuZM9g3kwDXOWVTck0jLzjPzGD+TazWbboZYu52/9/XPdUgne9g==",
        "dependencies": {
          "encodeurl": "encodeurl@1.0.2",
          "escape-html": "escape-html@1.0.3",
          "parseurl": "parseurl@1.3.3",
          "send": "send@0.18.0"
        }
      },
      "setprototypeof@1.2.0": {
        "integrity": "sha512-E5LDX7Wrp85Kil5bhZv46j8jOeboKq5JMmYM3gVGdGH8xFpPWXUMsNrlODCrkoxMEeNi/XZIwuRvY4XNwYMJpw==",
        "dependencies": {}
      },
      "side-channel@1.0.4": {
        "integrity": "sha512-q5XPytqFEIKHkGdiMIrY10mvLRvnQh42/+GoBlFW3b2LXLE2xxJpZFdm94we0BaoV3RwJyGqg5wS7epxTv0Zvw==",
        "dependencies": {
          "call-bind": "call-bind@1.0.2",
          "get-intrinsic": "get-intrinsic@1.2.1",
          "object-inspect": "object-inspect@1.12.3"
        }
      },
      "statuses@2.0.1": {
        "integrity": "sha512-RwNA9Z/7PrK06rYLIzFMlaF+l73iwpzsqRIFgbMLbTcLD6cOao82TaWefPXQvB2fOC4AjuYSEndS7N/mTCbkdQ==",
        "dependencies": {}
      },
      "toidentifier@1.0.1": {
        "integrity": "sha512-o5sSPKEkg/DIQNmH43V0/uerLrpzVedkUh8tGNvaeXpfpuwjKenlSox/2O/BTlZUtEe+JG7s5YhEz608PlAHRA==",
        "dependencies": {}
      },
      "type-is@1.6.18": {
        "integrity": "sha512-TkRKr9sUTxEH8MdfuCSP7VizJyzRNMjj2J2do2Jr3Kym598JVdEksuzPQCnlFPW4ky9Q+iA+ma9BGm06XQBy8g==",
        "dependencies": {
          "media-typer": "media-typer@0.3.0",
          "mime-types": "mime-types@2.1.35"
        }
      },
      "unpipe@1.0.0": {
        "integrity": "sha512-pjy2bYhSsufwWlKwPc+l3cN7+wuJlK6uz0YdJEOlQDbl6jo/YlPi4mb8agUkVC8BF7V8NuzeyPNqRksA3hztKQ==",
        "dependencies": {}
      },
      "utils-merge@1.0.1": {
        "integrity": "sha512-pMZTvIkT1d+TFGvDOqodOclx0QWkkgi6Tdoa8gC8ffGAAqz9pzPTZWAybbsHHoED/ztMtkv/VoYTYyShUn81hA==",
        "dependencies": {}
      },
      "vary@1.1.2": {
        "integrity": "sha512-BNGbWLfd0eUPabhkXUVm0j8uuvREyTh5ovRa/dyow/BqAbZJyC+5fU+IzQOzmAKzYqYRAISoRhdQr3eIZ/PXqg==",
        "dependencies": {}
      }
    }
  }
}
